
Microsoft Visual Studio Solution File, Format Version 12.00
# Visual Studio Version 17
VisualStudioVersion = 17.9.34701.34
MinimumVisualStudioVersion = 10.0.40219.1
Project("{9A19103F-16F7-4668-BE54-9A1E7A4F7556}") = "FileFinderExample", "Application\FileFinderExample.csproj", "{C1F3DB19-4AC8-4FF7-9AC5-56753EBB5187}"
EndProject
Project("{9A19103F-16F7-4668-BE54-9A1E7A4F7556}") = "ShellFileDialogs", "..\ShellFileDialogs\ShellFileDialogs\ShellFileDialogs.csproj", "{175D12C7-E789-4DA6-8E55-166F276A3C62}"
EndProject
Project("{9A19103F-16F7-4668-BE54-9A1E7A4F7556}") = "IModel", "IModel\IModel.csproj", "{E97A82EA-678F-46A5-8AA2-8DC778043542}"
EndProject
Project("{9A19103F-16F7-4668-BE54-9A1E7A4F7556}") = "IViewModel", "IViewModel\IViewModel.csproj", "{E24BB892-0754-4E29-ACA6-FBA95F55F39C}"
EndProject
Project("{9A19103F-16F7-4668-BE54-9A1E7A4F7556}") = "Model", "Model\Model.csproj", "{C6682153-ABAD-4AAE-9FDF-5661D4876FE2}"
EndProject
Project("{9A19103F-16F7-4668-BE54-9A1E7A4F7556}") = "ViewModel", "ViewModel\ViewModel.csproj", "{4B3680DB-DF5A-493A-9C8B-D742D6CD591E}"
EndProject
Project("{9A19103F-16F7-4668-BE54-9A1E7A4F7556}") = "View", "View\View.csproj", "{7B3E9463-6409-4224-8003-DF96D05B7F7D}"
EndProject
Project("{FAE04EC0-301F-11D3-BF4B-00C04F79EFBC}") = "Shared", "Shared\Shared.csproj", "{3E35B887-4FF1-4660-AF16-7155A63EB50A}"
EndProject
Global
	GlobalSection(SolutionConfigurationPlatforms) = preSolution
		Debug|Any CPU = Debug|Any CPU
		Release|Any CPU = Release|Any CPU
	EndGlobalSection
	GlobalSection(ProjectConfigurationPlatforms) = postSolution
		{C1F3DB19-4AC8-4FF7-9AC5-56753EBB5187}.Debug|Any CPU.ActiveCfg = Debug|Any CPU
		{C1F3DB19-4AC8-4FF7-9AC5-56753EBB5187}.Debug|Any CPU.Build.0 = Debug|Any CPU
		{C1F3DB19-4AC8-4FF7-9AC5-56753EBB5187}.Release|Any CPU.ActiveCfg = Release|Any CPU
		{C1F3DB19-4AC8-4FF7-9AC5-56753EBB5187}.Release|Any CPU.Build.0 = Release|Any CPU
		{175D12C7-E789-4DA6-8E55-166F276A3C62}.Debug|Any CPU.ActiveCfg = Debug|Any CPU
		{175D12C7-E789-4DA6-8E55-166F276A3C62}.Debug|Any CPU.Build.0 = Debug|Any CPU
		{175D12C7-E789-4DA6-8E55-166F276A3C62}.Release|Any CPU.ActiveCfg = Release|Any CPU
		{175D12C7-E789-4DA6-8E55-166F276A3C62}.Release|Any CPU.Build.0 = Release|Any CPU
		{E97A82EA-678F-46A5-8AA2-8DC778043542}.Debug|Any CPU.ActiveCfg = Debug|Any CPU
		{E97A82EA-678F-46A5-8AA2-8DC778043542}.Debug|Any CPU.Build.0 = Debug|Any CPU
		{E97A82EA-678F-46A5-8AA2-8DC778043542}.Release|Any CPU.ActiveCfg = Release|Any CPU
		{E97A82EA-678F-46A5-8AA2-8DC778043542}.Release|Any CPU.Build.0 = Release|Any CPU
		{E24BB892-0754-4E29-ACA6-FBA95F55F39C}.Debug|Any CPU.ActiveCfg = Debug|Any CPU
		{E24BB892-0754-4E29-ACA6-FBA95F55F39C}.Debug|Any CPU.Build.0 = Debug|Any CPU
		{E24BB892-0754-4E29-ACA6-FBA95F55F39C}.Release|Any CPU.ActiveCfg = Release|Any CPU
		{E24BB892-0754-4E29-ACA6-FBA95F55F39C}.Release|Any CPU.Build.0 = Release|Any CPU
		{C6682153-ABAD-4AAE-9FDF-5661D4876FE2}.Debug|Any CPU.ActiveCfg = Debug|Any CPU
		{C6682153-ABAD-4AAE-9FDF-5661D4876FE2}.Debug|Any CPU.Build.0 = Debug|Any CPU
		{C6682153-ABAD-4AAE-9FDF-5661D4876FE2}.Release|Any CPU.ActiveCfg = Release|Any CPU
		{C6682153-ABAD-4AAE-9FDF-5661D4876FE2}.Release|Any CPU.Build.0 = Release|Any CPU
		{4B3680DB-DF5A-493A-9C8B-D742D6CD591E}.Debug|Any CPU.ActiveCfg = Debug|Any CPU
		{4B3680DB-DF5A-493A-9C8B-D742D6CD591E}.Debug|Any CPU.Build.0 = Debug|Any CPU
		{4B3680DB-DF5A-493A-9C8B-D742D6CD591E}.Release|Any CPU.ActiveCfg = Release|Any CPU
		{4B3680DB-DF5A-493A-9C8B-D742D6CD591E}.Release|Any CPU.Build.0 = Release|Any CPU
		{7B3E9463-6409-4224-8003-DF96D05B7F7D}.Debug|Any CPU.ActiveCfg = Debug|Any CPU
		{7B3E9463-6409-4224-8003-DF96D05B7F7D}.Debug|Any CPU.Build.0 = Debug|Any CPU
		{7B3E9463-6409-4224-8003-DF96D05B7F7D}.Release|Any CPU.ActiveCfg = Release|Any CPU
		{7B3E9463-6409-4224-8003-DF96D05B7F7D}.Release|Any CPU.Build.0 = Release|Any CPU
		{3E35B887-4FF1-4660-AF16-7155A63EB50A}.Debug|Any CPU.ActiveCfg = Debug|Any CPU
		{3E35B887-4FF1-4660-AF16-7155A63EB50A}.Debug|Any CPU.Build.0 = Debug|Any CPU
		{3E35B887-4FF1-4660-AF16-7155A63EB50A}.Release|Any CPU.ActiveCfg = Release|Any CPU
		{3E35B887-4FF1-4660-AF16-7155A63EB50A}.Release|Any CPU.Build.0 = Release|Any CPU
	EndGlobalSection
	GlobalSection(SolutionProperties) = preSolution
		HideSolutionNode = FALSE
	EndGlobalSection
	GlobalSection(ExtensibilityGlobals) = postSolution
		SolutionGuid = {9553814E-768F-45CF-ABEB-0A1C36B3FCB2}
	EndGlobalSection
EndGlobal
